// !$*UTF8*$!
{
	archiveVersion = 1;
	classes = {
	};
	objectVersion = 46;
	objects = {

/* Begin PBXBuildFile section */
		87871CD1169385D200A0B2BB /* main.cpp in Sources */ = {isa = PBXBuildFile; fileRef = 87871CD0169385D200A0B2BB /* main.cpp */; };
		87871CD3169385D200A0B2BB /* SHTween.1 in CopyFiles */ = {isa = PBXBuildFile; fileRef = 87871CD2169385D200A0B2BB /* SHTween.1 */; };
/* End PBXBuildFile section */

/* Begin PBXCopyFilesBuildPhase section */
		87871CCA169385D200A0B2BB /* CopyFiles */ = {
			isa = PBXCopyFilesBuildPhase;
			buildActionMask = 2147483647;
			dstPath = /usr/share/man/man1/;
			dstSubfolderSpec = 0;
			files = (
				87871CD3169385D200A0B2BB /* SHTween.1 in CopyFiles */,
			);
			runOnlyForDeploymentPostprocessing = 1;
		};
/* End PBXCopyFilesBuildPhase section */

/* Begin PBXFileReference section */
		87871CCC169385D200A0B2BB /* SHTween */ = {isa = PBXFileReference; explicitFileType = "compiled.mach-o.executable"; includeInIndex = 0; path = SHTween; sourceTree = BUILT_PRODUCTS_DIR; };
		87871CD0169385D200A0B2BB /* main.cpp */ = {isa = PBXFileReference; lastKnownFileType = sourcecode.cpp.cpp; path = main.cpp; sourceTree = "<group>"; };
		87871CD2169385D200A0B2BB /* SHTween.1 */ = {isa = PBXFileReference; lastKnownFileType = text.man; path = SHTween.1; sourceTree = "<group>"; };
		87871CD9169385E100A0B2BB /* shtween.h */ = {isa = PBXFileReference; lastKnownFileType = sourcecode.c.h; path = shtween.h; sourceTree = "<group>"; };
/* End PBXFileReference section */

/* Begin PBXFrameworksBuildPhase section */
		87871CC9169385D200A0B2BB /* Frameworks */ = {
			isa = PBXFrameworksBuildPhase;
			buildActionMask = 2147483647;
			files = (
			);
			runOnlyForDeploymentPostprocessing = 0;
		};
/* End PBXFrameworksBuildPhase section */

/* Begin PBXGroup section */
		87871CC1169385D200A0B2BB = {
			isa = PBXGroup;
			children = (
				87871CCF169385D200A0B2BB /* SHTween */,
				87871CCD169385D200A0B2BB /* Products */,
			);
			sourceTree = "<group>";
		};
		87871CCD169385D200A0B2BB /* Products */ = {
			isa = PBXGroup;
			children = (
				87871CCC169385D200A0B2BB /* SHTween */,
			);
			name = Products;
			sourceTree = "<group>";
		};
		87871CCF169385D200A0B2BB /* SHTween */ = {
			isa = PBXGroup;
			children = (
				87871CD0169385D200A0B2BB /* main.cpp */,
				87871CD2169385D200A0B2BB /* SHTween.1 */,
				87871CD9169385E100A0B2BB /* shtween.h */,
			);
			path = SHTween;
			sourceTree = "<group>";
		};
/* End PBXGroup section */

/* Begin PBXNativeTarget section */
		87871CCB169385D200A0B2BB /* SHTween */ = {
			isa = PBXNativeTarget;
			buildConfigurationList = 87871CD6169385D200A0B2BB /* Build configuration list for PBXNativeTarget "SHTween" */;
			buildPhases = (
				87871CC8169385D200A0B2BB /* Sources */,
				87871CC9169385D200A0B2BB /* Frameworks */,
				87871CCA169385D200A0B2BB /* CopyFiles */,
			);
			buildRules = (
			);
			dependencies = (
			);
			name = SHTween;
			productName = SHTween;
			productReference = 87871CCC169385D200A0B2BB /* SHTween */;
			productType = "com.apple.product-type.tool";
		};
/* End PBXNativeTarget section */

/* Begin PBXProject section */
		87871CC3169385D200A0B2BB /* Project object */ = {
			isa = PBXProject;
			attributes = {
				LastUpgradeCheck = 0450;
				ORGANIZATIONNAME = "Simon Harvey";
			};
			buildConfigurationList = 87871CC6169385D200A0B2BB /* Build configuration list for PBXProject "SHTween" */;
			compatibilityVersion = "Xcode 3.2";
			developmentRegion = English;
			hasScannedForEncodings = 0;
			knownRegions = (
				en,
			);
			mainGroup = 87871CC1169385D200A0B2BB;
			productRefGroup = 87871CCD169385D200A0B2BB /* Products */;
			projectDirPath = "";
			projectRoot = "";
			targets = (
				87871CCB169385D200A0B2BB /* SHTween */,
			);
		};
/* End PBXProject section */

/* Begin PBXSourcesBuildPhase section */
		87871CC8169385D200A0B2BB /* Sources */ = {
			isa = PBXSourcesBuildPhase;
			buildActionMask = 2147483647;
			files = (
				87871CD1169385D200A0B2BB /* main.cpp in Sources */,
			);
			runOnlyForDeploymentPostprocessing = 0;
		};
/* End PBXSourcesBuildPhase section */

/* Begin XCBuildConfiguration section */
		87871CD4169385D200A0B2BB /* Debug */ = {
			isa = XCBuildConfiguration;
			buildSettings = {
				ALWAYS_SEARCH_USER_PATHS = NO;
				ARCHS = "$(ARCHS_STANDARD_64_BIT)";
				CLANG_CXX_LANGUAGE_STANDARD = "gnu++0x";
				CLANG_CXX_LIBRARY = "libc++";
				CLANG_WARN_EMPTY_BODY = YES;
				CLANG_WARN__DUPLICATE_METHOD_MATCH = YES;
				COPY_PHASE_STRIP = NO;
				GCC_C_LANGUAGE_STANDARD = gnu99;
				GCC_DYNAMIC_NO_PIC = NO;
				GCC_ENABLE_OBJC_EXCEPTIONS = YES;
				GCC_OPTIMIZATION_LEVEL = 0;
				GCC_PREPROCESSOR_DEFINITIONS = (
					"DEBUG=1",
					"$(inherited)",
				);
				GCC_SYMBOLS_PRIVATE_EXTERN = NO;
				GCC_WARN_64_TO_32_BIT_CONVERSION = YES;
				GCC_WARN_ABOUT_RETURN_TYPE = YES;
				GCC_WARN_UNINITIALIZED_AUTOS = YES;
				GCC_WARN_UNUSED_VARIABLE = YES;
				MACOSX_DEPLOYMENT_TARGET = 10.7;
				ONLY_ACTIVE_ARCH = YES;
				SDKROOT = macosx;
			};
			name = Debug;
		};
		87871CD5169385D200A0B2BB /* Release */ = {
			isa = XCBuildConfiguration;
			buildSettings = {
				ALWAYS_SEARCH_USER_PATHS = NO;
				ARCHS = "$(ARCHS_STANDARD_64_BIT)";
				CLANG_CXX_LANGUAGE_STANDARD = "gnu++0x";
				CLANG_CXX_LIBRARY = "libc++";
				CLANG_WARN_EMPTY_BODY = YES;
				CLANG_WARN__DUPLICATE_METHOD_MATCH = YES;
				COPY_PHASE_STRIP = YES;
				DEBUG_INFORMATION_FORMAT = "dwarf-with-dsym";
				GCC_C_LANGUAGE_STANDARD = gnu99;
				GCC_ENABLE_OBJC_EXCEPTIONS = YES;
				GCC_WARN_64_TO_32_BIT_CONVERSION = YES;
				GCC_WARN_ABOUT_RETURN_TYPE = YES;
				GCC_WARN_UNINITIALIZED_AUTOS = YES;
				GCC_WARN_UNUSED_VARIABLE = YES;
				MACOSX_DEPLOYMENT_TARGET = 10.7;
				SDKROOT = macosx;
			};
			name = Release;
		};
		87871CD7169385D200A0B2BB /* Debug */ = {
			isa = XCBuildConfiguration;
			buildSettings = {
				PRODUCT_NAME = "$(TARGET_NAME)";
			};
			name = Debug;
		};
		87871CD8169385D200A0B2BB /* Release */ = {
			isa = XCBuildConfiguration;
			buildSettings = {
				PRODUCT_NAME = "$(TARGET_NAME)";
			};
			name = Release;
		};
/* End XCBuildConfiguration section */

/* Begin XCConfigurationList section */
		87871CC6169385D200A0B2BB /* Build configuration list for PBXProject "SHTween" */ = {
			isa = XCConfigurationList;
			buildConfigurations = (
				87871CD4169385D200A0B2BB /* Debug */,
				87871CD5169385D200A0B2BB /* Release */,
			);
			defaultConfigurationIsVisible = 0;
			defaultConfigurationName = Release;
		};
		87871CD6169385D200A0B2BB /* Build configuration list for PBXNativeTarget "SHTween" */ = {
			isa = XCConfigurationList;
			buildConfigurations = (
				87871CD7169385D200A0B2BB /* Debug */,
				87871CD8169385D200A0B2BB /* Release */,
			);
			defaultConfigurationIsVisible = 0;
		};
/* End XCConfigurationList section */
	};
	rootObject = 87871CC3169385D200A0B2BB /* Project object */;
}
